
Microsoft Visual Studio Solution File, Format Version 12.00
Project("{FAE04EC0-301F-11D3-BF4B-00C04F79EFBC}") = "RestaurantMenu.Api", "RestaurantMenu.Api\RestaurantMenu.Api.csproj", "{D35DD67C-CDD1-4A1F-BB86-1F05229BD227}"
EndProject
Project("{FAE04EC0-301F-11D3-BF4B-00C04F79EFBC}") = "RestaurantMenu.Services", "RestaurantMenu.Services\RestaurantMenu.Services.csproj", "{88B4AF6B-BED9-4E5A-A89C-D9200FFFAB7C}"
EndProject
Project("{FAE04EC0-301F-11D3-BF4B-00C04F79EFBC}") = "RestaurantMenu.Database", "RestaurantMenu.DataBase\RestaurantMenu.Database.csproj", "{F32522B4-450D-4659-A92F-4C4C184F8701}"
EndProject
Project("{FAE04EC0-301F-11D3-BF4B-00C04F79EFBC}") = "RestaurantMenu.Database.Postgres", "RestaurantMenu.Database.Postgres\RestaurantMenu.Database.Postgres.csproj", "{72EEE285-9522-4ABB-8E96-66C861C3818C}"
EndProject
Project("{FAE04EC0-301F-11D3-BF4B-00C04F79EFBC}") = "RestaurantMenu.Api.Contracts", "RestaurantMenu.Api.Contracts\RestaurantMenu.Api.Contracts.csproj", "{C93F69A0-432D-4BCD-AB83-88F5A81D9A71}"
EndProject
Project("{2150E333-8FDC-42A3-9474-1A3956D46DE8}") = "Solution Items", "Solution Items", "{7DDED2FF-92D0-40FF-B9B5-FD15D6BCD213}"
	ProjectSection(SolutionItems) = preProject
		docker-compose.yml = docker-compose.yml
		Readme.md = Readme.md
	EndProjectSection
EndProject
Project("{FAE04EC0-301F-11D3-BF4B-00C04F79EFBC}") = "RestaurantMenu.Database.Memory", "RestaurantMenu.Database.Memory\RestaurantMenu.Database.Memory.csproj", "{0639BC52-B528-4321-8B29-375791DC38C6}"
EndProject
Project("{FAE04EC0-301F-11D3-BF4B-00C04F79EFBC}") = "RestaurantMenu", "RestaurantMenu\RestaurantMenu.csproj", "{C733D906-5A18-4291-9B43-5E0DBF873451}"
EndProject
Project("{FAE04EC0-301F-11D3-BF4B-00C04F79EFBC}") = "RestaurantMenu.Api.Validations", "RestaurantMenu.Api.Validations\RestaurantMenu.Api.Validations.csproj", "{8FC792FC-3454-4B81-A09E-BD97F0CADE8E}"
EndProject
Project("{2150E333-8FDC-42A3-9474-1A3956D46DE8}") = "Tests", "Tests", "{A7A04763-22B9-484C-8657-DE3C00E7CC2F}"
EndProject
Project("{FAE04EC0-301F-11D3-BF4B-00C04F79EFBC}") = "RestaurantMenu.Api.Tests", "RestaurantMenu.Api.Tests\RestaurantMenu.Api.Tests.csproj", "{F5CA50E9-E40B-4CC0-8107-E67411B50EDF}"
EndProject
Global
	GlobalSection(SolutionConfigurationPlatforms) = preSolution
		Debug|Any CPU = Debug|Any CPU
		Release|Any CPU = Release|Any CPU
	EndGlobalSection
	GlobalSection(ProjectConfigurationPlatforms) = postSolution
		{D35DD67C-CDD1-4A1F-BB86-1F05229BD227}.Debug|Any CPU.ActiveCfg = Debug|Any CPU
		{D35DD67C-CDD1-4A1F-BB86-1F05229BD227}.Debug|Any CPU.Build.0 = Debug|Any CPU
		{D35DD67C-CDD1-4A1F-BB86-1F05229BD227}.Release|Any CPU.ActiveCfg = Release|Any CPU
		{D35DD67C-CDD1-4A1F-BB86-1F05229BD227}.Release|Any CPU.Build.0 = Release|Any CPU
		{88B4AF6B-BED9-4E5A-A89C-D9200FFFAB7C}.Debug|Any CPU.ActiveCfg = Debug|Any CPU
		{88B4AF6B-BED9-4E5A-A89C-D9200FFFAB7C}.Debug|Any CPU.Build.0 = Debug|Any CPU
		{88B4AF6B-BED9-4E5A-A89C-D9200FFFAB7C}.Release|Any CPU.ActiveCfg = Release|Any CPU
		{88B4AF6B-BED9-4E5A-A89C-D9200FFFAB7C}.Release|Any CPU.Build.0 = Release|Any CPU
		{F32522B4-450D-4659-A92F-4C4C184F8701}.Debug|Any CPU.ActiveCfg = Debug|Any CPU
		{F32522B4-450D-4659-A92F-4C4C184F8701}.Debug|Any CPU.Build.0 = Debug|Any CPU
		{F32522B4-450D-4659-A92F-4C4C184F8701}.Release|Any CPU.ActiveCfg = Release|Any CPU
		{F32522B4-450D-4659-A92F-4C4C184F8701}.Release|Any CPU.Build.0 = Release|Any CPU
		{72EEE285-9522-4ABB-8E96-66C861C3818C}.Debug|Any CPU.ActiveCfg = Debug|Any CPU
		{72EEE285-9522-4ABB-8E96-66C861C3818C}.Debug|Any CPU.Build.0 = Debug|Any CPU
		{72EEE285-9522-4ABB-8E96-66C861C3818C}.Release|Any CPU.ActiveCfg = Release|Any CPU
		{72EEE285-9522-4ABB-8E96-66C861C3818C}.Release|Any CPU.Build.0 = Release|Any CPU
		{C93F69A0-432D-4BCD-AB83-88F5A81D9A71}.Debug|Any CPU.ActiveCfg = Debug|Any CPU
		{C93F69A0-432D-4BCD-AB83-88F5A81D9A71}.Debug|Any CPU.Build.0 = Debug|Any CPU
		{C93F69A0-432D-4BCD-AB83-88F5A81D9A71}.Release|Any CPU.ActiveCfg = Release|Any CPU
		{C93F69A0-432D-4BCD-AB83-88F5A81D9A71}.Release|Any CPU.Build.0 = Release|Any CPU
		{0639BC52-B528-4321-8B29-375791DC38C6}.Debug|Any CPU.ActiveCfg = Debug|Any CPU
		{0639BC52-B528-4321-8B29-375791DC38C6}.Debug|Any CPU.Build.0 = Debug|Any CPU
		{0639BC52-B528-4321-8B29-375791DC38C6}.Release|Any CPU.ActiveCfg = Release|Any CPU
		{0639BC52-B528-4321-8B29-375791DC38C6}.Release|Any CPU.Build.0 = Release|Any CPU
		{C733D906-5A18-4291-9B43-5E0DBF873451}.Debug|Any CPU.ActiveCfg = Debug|Any CPU
		{C733D906-5A18-4291-9B43-5E0DBF873451}.Debug|Any CPU.Build.0 = Debug|Any CPU
		{C733D906-5A18-4291-9B43-5E0DBF873451}.Release|Any CPU.ActiveCfg = Release|Any CPU
		{C733D906-5A18-4291-9B43-5E0DBF873451}.Release|Any CPU.Build.0 = Release|Any CPU
		{8FC792FC-3454-4B81-A09E-BD97F0CADE8E}.Debug|Any CPU.ActiveCfg = Debug|Any CPU
		{8FC792FC-3454-4B81-A09E-BD97F0CADE8E}.Debug|Any CPU.Build.0 = Debug|Any CPU
		{8FC792FC-3454-4B81-A09E-BD97F0CADE8E}.Release|Any CPU.ActiveCfg = Release|Any CPU
		{8FC792FC-3454-4B81-A09E-BD97F0CADE8E}.Release|Any CPU.Build.0 = Release|Any CPU
		{F5CA50E9-E40B-4CC0-8107-E67411B50EDF}.Debug|Any CPU.ActiveCfg = Debug|Any CPU
		{F5CA50E9-E40B-4CC0-8107-E67411B50EDF}.Debug|Any CPU.Build.0 = Debug|Any CPU
		{F5CA50E9-E40B-4CC0-8107-E67411B50EDF}.Release|Any CPU.ActiveCfg = Release|Any CPU
		{F5CA50E9-E40B-4CC0-8107-E67411B50EDF}.Release|Any CPU.Build.0 = Release|Any CPU
	EndGlobalSection
	GlobalSection(NestedProjects) = preSolution
		{F5CA50E9-E40B-4CC0-8107-E67411B50EDF} = {A7A04763-22B9-484C-8657-DE3C00E7CC2F}
	EndGlobalSection
EndGlobal
